
Microsoft Visual Studio Solution File, Format Version 12.00
# Visual Studio Version 16
VisualStudioVersion = 16.0.33130.400
MinimumVisualStudioVersion = 10.0.40219.1
Project("{FAE04EC0-301F-11D3-BF4B-00C04F79EFBC}") = "ThemePractice", "ThemePractice\ThemePractice.csproj", "{B603384B-5195-441E-A683-39006F31F1B8}"
EndProject
Global
	GlobalSection(SolutionConfigurationPlatforms) = preSolution
		Debug|Any CPU = Debug|Any CPU
		Release|Any CPU = Release|Any CPU
	EndGlobalSection
	GlobalSection(ProjectConfigurationPlatforms) = postSolution
		{B603384B-5195-441E-A683-39006F31F1B8}.Debug|Any CPU.ActiveCfg = Debug|Any CPU
		{B603384B-5195-441E-A683-39006F31F1B8}.Debug|Any CPU.Build.0 = Debug|Any CPU
		{B603384B-5195-441E-A683-39006F31F1B8}.Release|Any CPU.ActiveCfg = Release|Any CPU
		{B603384B-5195-441E-A683-39006F31F1B8}.Release|Any CPU.Build.0 = Release|Any CPU
	EndGlobalSection
	GlobalSection(SolutionProperties) = preSolution
		HideSolutionNode = FALSE
	EndGlobalSection
	GlobalSection(ExtensibilityGlobals) = postSolution
		SolutionGuid = {D9DBF85A-8C06-4ACE-97EA-3D6954F0C888}
	EndGlobalSection
EndGlobal
