
Microsoft Visual Studio Solution File, Format Version 12.00
# Visual Studio Version 16
VisualStudioVersion = 16.0.33130.400
MinimumVisualStudioVersion = 10.0.40219.1
Project("{FAE04EC0-301F-11D3-BF4B-00C04F79EFBC}") = "CRUD Task", "CRUD Task\CRUD Task.csproj", "{04543BAE-0CFF-40EB-B665-1B9B6F11AA11}"
EndProject
Global
	GlobalSection(SolutionConfigurationPlatforms) = preSolution
		Debug|Any CPU = Debug|Any CPU
		Release|Any CPU = Release|Any CPU
	EndGlobalSection
	GlobalSection(ProjectConfigurationPlatforms) = postSolution
		{04543BAE-0CFF-40EB-B665-1B9B6F11AA11}.Debug|Any CPU.ActiveCfg = Debug|Any CPU
		{04543BAE-0CFF-40EB-B665-1B9B6F11AA11}.Debug|Any CPU.Build.0 = Debug|Any CPU
		{04543BAE-0CFF-40EB-B665-1B9B6F11AA11}.Release|Any CPU.ActiveCfg = Release|Any CPU
		{04543BAE-0CFF-40EB-B665-1B9B6F11AA11}.Release|Any CPU.Build.0 = Release|Any CPU
	EndGlobalSection
	GlobalSection(SolutionProperties) = preSolution
		HideSolutionNode = FALSE
	EndGlobalSection
	GlobalSection(ExtensibilityGlobals) = postSolution
		SolutionGuid = {EC433A9F-D9E8-4F72-BABC-34B00FBF99EC}
	EndGlobalSection
EndGlobal
